
Microsoft Visual Studio Solution File, Format Version 12.00
# Visual Studio Version 17
VisualStudioVersion = 17.7.34031.279
MinimumVisualStudioVersion = 10.0.40219.1
Project("{FAE04EC0-301F-11D3-BF4B-00C04F79EFBC}") = "ConsoleApp1", "ConsoleApp1\ConsoleApp1.csproj", "{FDA3A4A2-C3BA-40DE-875D-DA2C1C1616F5}"
EndProject
Global
	GlobalSection(SolutionConfigurationPlatforms) = preSolution
		Debug|Any CPU = Debug|Any CPU
		Release|Any CPU = Release|Any CPU
	EndGlobalSection
	GlobalSection(ProjectConfigurationPlatforms) = postSolution
		{FDA3A4A2-C3BA-40DE-875D-DA2C1C1616F5}.Debug|Any CPU.ActiveCfg = Debug|Any CPU
		{FDA3A4A2-C3BA-40DE-875D-DA2C1C1616F5}.Debug|Any CPU.Build.0 = Debug|Any CPU
		{FDA3A4A2-C3BA-40DE-875D-DA2C1C1616F5}.Release|Any CPU.ActiveCfg = Release|Any CPU
		{FDA3A4A2-C3BA-40DE-875D-DA2C1C1616F5}.Release|Any CPU.Build.0 = Release|Any CPU
	EndGlobalSection
	GlobalSection(SolutionProperties) = preSolution
		HideSolutionNode = FALSE
	EndGlobalSection
	GlobalSection(ExtensibilityGlobals) = postSolution
		SolutionGuid = {5B5A3DC2-9256-452C-B36D-3DA34C35BB85}
	EndGlobalSection
EndGlobal
